// !$*UTF8*$!
{
	archiveVersion = 1;
	classes = {
	};
	objectVersion = 55;
	objects = {

/* Begin PBXBuildFile section */
		223D2ED62762632A000C4B72 /* ChangeCityVC.swift in Sources */ = {isa = PBXBuildFile; fileRef = 223D2ED527626329000C4B72 /* ChangeCityVC.swift */; };
		223D2ED82762653F000C4B72 /* City.swift in Sources */ = {isa = PBXBuildFile; fileRef = 223D2ED72762653F000C4B72 /* City.swift */; };
		2265AA202762443D005FE4B7 /* AppDelegate.swift in Sources */ = {isa = PBXBuildFile; fileRef = 2265AA1F2762443D005FE4B7 /* AppDelegate.swift */; };
		2265AA222762443D005FE4B7 /* SceneDelegate.swift in Sources */ = {isa = PBXBuildFile; fileRef = 2265AA212762443D005FE4B7 /* SceneDelegate.swift */; };
		2265AA242762443D005FE4B7 /* MainVC.swift in Sources */ = {isa = PBXBuildFile; fileRef = 2265AA232762443D005FE4B7 /* MainVC.swift */; };
		2265AA272762443D005FE4B7 /* Main.storyboard in Resources */ = {isa = PBXBuildFile; fileRef = 2265AA252762443D005FE4B7 /* Main.storyboard */; };
		2265AA2A2762443D005FE4B7 /* Weather_App.xcdatamodeld in Sources */ = {isa = PBXBuildFile; fileRef = 2265AA282762443D005FE4B7 /* Weather_App.xcdatamodeld */; };
		2265AA2C27624440005FE4B7 /* Assets.xcassets in Resources */ = {isa = PBXBuildFile; fileRef = 2265AA2B27624440005FE4B7 /* Assets.xcassets */; };
		2265AA2F27624440005FE4B7 /* LaunchScreen.storyboard in Resources */ = {isa = PBXBuildFile; fileRef = 2265AA2D27624440005FE4B7 /* LaunchScreen.storyboard */; };
		7C270046830FDB4502B24F44 /* Pods_Weather_App.framework in Frameworks */ = {isa = PBXBuildFile; fileRef = 79413A19876D85FCBE6EE1F0 /* Pods_Weather_App.framework */; };
/* End PBXBuildFile section */

/* Begin PBXFileReference section */
		1476D104D0F48611FA42D66E /* Pods-Weather_App.debug.xcconfig */ = {isa = PBXFileReference; includeInIndex = 1; lastKnownFileType = text.xcconfig; name = "Pods-Weather_App.debug.xcconfig"; path = "Target Support Files/Pods-Weather_App/Pods-Weather_App.debug.xcconfig"; sourceTree = "<group>"; };
		223D2ED527626329000C4B72 /* ChangeCityVC.swift */ = {isa = PBXFileReference; lastKnownFileType = sourcecode.swift; path = ChangeCityVC.swift; sourceTree = "<group>"; };
		223D2ED72762653F000C4B72 /* City.swift */ = {isa = PBXFileReference; lastKnownFileType = sourcecode.swift; path = City.swift; sourceTree = "<group>"; };
		2265AA1C2762443D005FE4B7 /* Weather_App.app */ = {isa = PBXFileReference; explicitFileType = wrapper.application; includeInIndex = 0; path = Weather_App.app; sourceTree = BUILT_PRODUCTS_DIR; };
		2265AA1F2762443D005FE4B7 /* AppDelegate.swift */ = {isa = PBXFileReference; lastKnownFileType = sourcecode.swift; path = AppDelegate.swift; sourceTree = "<group>"; };
		2265AA212762443D005FE4B7 /* SceneDelegate.swift */ = {isa = PBXFileReference; lastKnownFileType = sourcecode.swift; path = SceneDelegate.swift; sourceTree = "<group>"; };
		2265AA232762443D005FE4B7 /* MainVC.swift */ = {isa = PBXFileReference; lastKnownFileType = sourcecode.swift; path = MainVC.swift; sourceTree = "<group>"; };
		2265AA262762443D005FE4B7 /* Base */ = {isa = PBXFileReference; lastKnownFileType = file.storyboard; name = Base; path = Base.lproj/Main.storyboard; sourceTree = "<group>"; };
		2265AA292762443D005FE4B7 /* Weather_App.xcdatamodel */ = {isa = PBXFileReference; lastKnownFileType = wrapper.xcdatamodel; path = Weather_App.xcdatamodel; sourceTree = "<group>"; };
		2265AA2B27624440005FE4B7 /* Assets.xcassets */ = {isa = PBXFileReference; lastKnownFileType = folder.assetcatalog; path = Assets.xcassets; sourceTree = "<group>"; };
		2265AA2E27624440005FE4B7 /* Base */ = {isa = PBXFileReference; lastKnownFileType = file.storyboard; name = Base; path = Base.lproj/LaunchScreen.storyboard; sourceTree = "<group>"; };
		2265AA3027624440005FE4B7 /* Info.plist */ = {isa = PBXFileReference; lastKnownFileType = text.plist.xml; path = Info.plist; sourceTree = "<group>"; };
		6670B0BFE11A2BB403DECA3D /* Pods-Weather_App.release.xcconfig */ = {isa = PBXFileReference; includeInIndex = 1; lastKnownFileType = text.xcconfig; name = "Pods-Weather_App.release.xcconfig"; path = "Target Support Files/Pods-Weather_App/Pods-Weather_App.release.xcconfig"; sourceTree = "<group>"; };
		79413A19876D85FCBE6EE1F0 /* Pods_Weather_App.framework */ = {isa = PBXFileReference; explicitFileType = wrapper.framework; includeInIndex = 0; path = Pods_Weather_App.framework; sourceTree = BUILT_PRODUCTS_DIR; };
/* End PBXFileReference section */

/* Begin PBXFrameworksBuildPhase section */
		2265AA192762443D005FE4B7 /* Frameworks */ = {
			isa = PBXFrameworksBuildPhase;
			buildActionMask = 2147483647;
			files = (
				7C270046830FDB4502B24F44 /* Pods_Weather_App.framework in Frameworks */,
			);
			runOnlyForDeploymentPostprocessing = 0;
		};
/* End PBXFrameworksBuildPhase section */

/* Begin PBXGroup section */
		2265AA132762443D005FE4B7 = {
			isa = PBXGroup;
			children = (
				2265AA1E2762443D005FE4B7 /* Weather_App */,
				2265AA1D2762443D005FE4B7 /* Products */,
				BEA7519C90BDBF80A0B13F79 /* Pods */,
				8DB73778F501ECF1643645F1 /* Frameworks */,
			);
			sourceTree = "<group>";
		};
		2265AA1D2762443D005FE4B7 /* Products */ = {
			isa = PBXGroup;
			children = (
				2265AA1C2762443D005FE4B7 /* Weather_App.app */,
			);
			name = Products;
			sourceTree = "<group>";
		};
		2265AA1E2762443D005FE4B7 /* Weather_App */ = {
			isa = PBXGroup;
			children = (
				2265AA1F2762443D005FE4B7 /* AppDelegate.swift */,
				2265AA212762443D005FE4B7 /* SceneDelegate.swift */,
				2265AA232762443D005FE4B7 /* MainVC.swift */,
				223D2ED527626329000C4B72 /* ChangeCityVC.swift */,
				223D2ED72762653F000C4B72 /* City.swift */,
				2265AA252762443D005FE4B7 /* Main.storyboard */,
				2265AA2B27624440005FE4B7 /* Assets.xcassets */,
				2265AA2D27624440005FE4B7 /* LaunchScreen.storyboard */,
				2265AA3027624440005FE4B7 /* Info.plist */,
				2265AA282762443D005FE4B7 /* Weather_App.xcdatamodeld */,
			);
			path = Weather_App;
			sourceTree = "<group>";
		};
		8DB73778F501ECF1643645F1 /* Frameworks */ = {
			isa = PBXGroup;
			children = (
				79413A19876D85FCBE6EE1F0 /* Pods_Weather_App.framework */,
			);
			name = Frameworks;
			sourceTree = "<group>";
		};
		BEA7519C90BDBF80A0B13F79 /* Pods */ = {
			isa = PBXGroup;
			children = (
				1476D104D0F48611FA42D66E /* Pods-Weather_App.debug.xcconfig */,
				6670B0BFE11A2BB403DECA3D /* Pods-Weather_App.release.xcconfig */,
			);
			path = Pods;
			sourceTree = "<group>";
		};
/* End PBXGroup section */

/* Begin PBXNativeTarget section */
		2265AA1B2762443D005FE4B7 /* Weather_App */ = {
			isa = PBXNativeTarget;
			buildConfigurationList = 2265AA3327624440005FE4B7 /* Build configuration list for PBXNativeTarget "Weather_App" */;
			buildPhases = (
				A51C5AC043FD9AFF352F0219 /* [CP] Check Pods Manifest.lock */,
				2265AA182762443D005FE4B7 /* Sources */,
				2265AA192762443D005FE4B7 /* Frameworks */,
				2265AA1A2762443D005FE4B7 /* Resources */,
				C6ACEC0F93CCB6761CABBB30 /* [CP] Embed Pods Frameworks */,
			);
			buildRules = (
			);
			dependencies = (
			);
			name = Weather_App;
			productName = Weather_App;
			productReference = 2265AA1C2762443D005FE4B7 /* Weather_App.app */;
			productType = "com.apple.product-type.application";
		};
/* End PBXNativeTarget section */

/* Begin PBXProject section */
		2265AA142762443D005FE4B7 /* Project object */ = {
			isa = PBXProject;
			attributes = {
				BuildIndependentTargetsInParallel = 1;
				LastSwiftUpdateCheck = 1310;
				LastUpgradeCheck = 1310;
				TargetAttributes = {
					2265AA1B2762443D005FE4B7 = {
						CreatedOnToolsVersion = 13.1;
					};
				};
			};
			buildConfigurationList = 2265AA172762443D005FE4B7 /* Build configuration list for PBXProject "Weather_App" */;
			compatibilityVersion = "Xcode 13.0";
			developmentRegion = en;
			hasScannedForEncodings = 0;
			knownRegions = (
				en,
				Base,
			);
			mainGroup = 2265AA132762443D005FE4B7;
			productRefGroup = 2265AA1D2762443D005FE4B7 /* Products */;
			projectDirPath = "";
			projectRoot = "";
			targets = (
				2265AA1B2762443D005FE4B7 /* Weather_App */,
			);
		};
/* End PBXProject section */

/* Begin PBXResourcesBuildPhase section */
		2265AA1A2762443D005FE4B7 /* Resources */ = {
			isa = PBXResourcesBuildPhase;
			buildActionMask = 2147483647;
			files = (
				2265AA2F27624440005FE4B7 /* LaunchScreen.storyboard in Resources */,
				2265AA2C27624440005FE4B7 /* Assets.xcassets in Resources */,
				2265AA272762443D005FE4B7 /* Main.storyboard in Resources */,
			);
			runOnlyForDeploymentPostprocessing = 0;
		};
/* End PBXResourcesBuildPhase section */

/* Begin PBXShellScriptBuildPhase section */
		A51C5AC043FD9AFF352F0219 /* [CP] Check Pods Manifest.lock */ = {
			isa = PBXShellScriptBuildPhase;
			buildActionMask = 2147483647;
			files = (
			);
			inputFileListPaths = (
			);
			inputPaths = (
				"${PODS_PODFILE_DIR_PATH}/Podfile.lock",
				"${PODS_ROOT}/Manifest.lock",
			);
			name = "[CP] Check Pods Manifest.lock";
			outputFileListPaths = (
			);
			outputPaths = (
				"$(DERIVED_FILE_DIR)/Pods-Weather_App-checkManifestLockResult.txt",
			);
			runOnlyForDeploymentPostprocessing = 0;
			shellPath = /bin/sh;
			shellScript = "diff \"${PODS_PODFILE_DIR_PATH}/Podfile.lock\" \"${PODS_ROOT}/Manifest.lock\" > /dev/null\nif [ $? != 0 ] ; then\n    # print error to STDERR\n    echo \"error: The sandbox is not in sync with the Podfile.lock. Run 'pod install' or update your CocoaPods installation.\" >&2\n    exit 1\nfi\n# This output is used by Xcode 'outputs' to avoid re-running this script phase.\necho \"SUCCESS\" > \"${SCRIPT_OUTPUT_FILE_0}\"\n";
			showEnvVarsInLog = 0;
		};
		C6ACEC0F93CCB6761CABBB30 /* [CP] Embed Pods Frameworks */ = {
			isa = PBXShellScriptBuildPhase;
			buildActionMask = 2147483647;
			files = (
			);
			inputFileListPaths = (
				"${PODS_ROOT}/Target Support Files/Pods-Weather_App/Pods-Weather_App-frameworks-${CONFIGURATION}-input-files.xcfilelist",
			);
			name = "[CP] Embed Pods Frameworks";
			outputFileListPaths = (
				"${PODS_ROOT}/Target Support Files/Pods-Weather_App/Pods-Weather_App-frameworks-${CONFIGURATION}-output-files.xcfilelist",
			);
			runOnlyForDeploymentPostprocessing = 0;
			shellPath = /bin/sh;
			shellScript = "\"${PODS_ROOT}/Target Support Files/Pods-Weather_App/Pods-Weather_App-frameworks.sh\"\n";
			showEnvVarsInLog = 0;
		};
/* End PBXShellScriptBuildPhase section */

/* Begin PBXSourcesBuildPhase section */
		2265AA182762443D005FE4B7 /* Sources */ = {
			isa = PBXSourcesBuildPhase;
			buildActionMask = 2147483647;
			files = (
				223D2ED62762632A000C4B72 /* ChangeCityVC.swift in Sources */,
				2265AA2A2762443D005FE4B7 /* Weather_App.xcdatamodeld in Sources */,
				223D2ED82762653F000C4B72 /* City.swift in Sources */,
				2265AA242762443D005FE4B7 /* MainVC.swift in Sources */,
				2265AA202762443D005FE4B7 /* AppDelegate.swift in Sources */,
				2265AA222762443D005FE4B7 /* SceneDelegate.swift in Sources */,
			);
			runOnlyForDeploymentPostprocessing = 0;
		};
/* End PBXSourcesBuildPhase section */

/* Begin PBXVariantGroup section */
		2265AA252762443D005FE4B7 /* Main.storyboard */ = {
			isa = PBXVariantGroup;
			children = (
				2265AA262762443D005FE4B7 /* Base */,
			);
			name = Main.storyboard;
			sourceTree = "<group>";
		};
		2265AA2D27624440005FE4B7 /* LaunchScreen.storyboard */ = {
			isa = PBXVariantGroup;
			children = (
				2265AA2E27624440005FE4B7 /* Base */,
			);
			name = LaunchScreen.storyboard;
			sourceTree = "<group>";
		};
/* End PBXVariantGroup section */

/* Begin XCBuildConfiguration section */
		2265AA3127624440005FE4B7 /* Debug */ = {
			isa = XCBuildConfiguration;
			buildSettings = {
				ALWAYS_SEARCH_USER_PATHS = NO;
				CLANG_ANALYZER_NONNULL = YES;
				CLANG_ANALYZER_NUMBER_OBJECT_CONVERSION = YES_AGGRESSIVE;
				CLANG_CXX_LANGUAGE_STANDARD = "gnu++17";
				CLANG_CXX_LIBRARY = "libc++";
				CLANG_ENABLE_MODULES = YES;
				CLANG_ENABLE_OBJC_ARC = YES;
				CLANG_ENABLE_OBJC_WEAK = YES;
				CLANG_WARN_BLOCK_CAPTURE_AUTORELEASING = YES;
				CLANG_WARN_BOOL_CONVERSION = YES;
				CLANG_WARN_COMMA = YES;
				CLANG_WARN_CONSTANT_CONVERSION = YES;
				CLANG_WARN_DEPRECATED_OBJC_IMPLEMENTATIONS = YES;
				CLANG_WARN_DIRECT_OBJC_ISA_USAGE = YES_ERROR;
				CLANG_WARN_DOCUMENTATION_COMMENTS = YES;
				CLANG_WARN_EMPTY_BODY = YES;
				CLANG_WARN_ENUM_CONVERSION = YES;
				CLANG_WARN_INFINITE_RECURSION = YES;
				CLANG_WARN_INT_CONVERSION = YES;
				CLANG_WARN_NON_LITERAL_NULL_CONVERSION = YES;
				CLANG_WARN_OBJC_IMPLICIT_RETAIN_SELF = YES;
				CLANG_WARN_OBJC_LITERAL_CONVERSION = YES;
				CLANG_WARN_OBJC_ROOT_CLASS = YES_ERROR;
				CLANG_WARN_QUOTED_INCLUDE_IN_FRAMEWORK_HEADER = YES;
				CLANG_WARN_RANGE_LOOP_ANALYSIS = YES;
				CLANG_WARN_STRICT_PROTOTYPES = YES;
				CLANG_WARN_SUSPICIOUS_MOVE = YES;
				CLANG_WARN_UNGUARDED_AVAILABILITY = YES_AGGRESSIVE;
				CLANG_WARN_UNREACHABLE_CODE = YES;
				CLANG_WARN__DUPLICATE_METHOD_MATCH = YES;
				COPY_PHASE_STRIP = NO;
				DEBUG_INFORMATION_FORMAT = dwarf;
				ENABLE_STRICT_OBJC_MSGSEND = YES;
				ENABLE_TESTABILITY = YES;
				GCC_C_LANGUAGE_STANDARD = gnu11;
				GCC_DYNAMIC_NO_PIC = NO;
				GCC_NO_COMMON_BLOCKS = YES;
				GCC_OPTIMIZATION_LEVEL = 0;
				GCC_PREPROCESSOR_DEFINITIONS = (
					"DEBUG=1",
					"$(inherited)",
				);
				GCC_WARN_64_TO_32_BIT_CONVERSION = YES;
				GCC_WARN_ABOUT_RETURN_TYPE = YES_ERROR;
				GCC_WARN_UNDECLARED_SELECTOR = YES;
				GCC_WARN_UNINITIALIZED_AUTOS = YES_AGGRESSIVE;
				GCC_WARN_UNUSED_FUNCTION = YES;
				GCC_WARN_UNUSED_VARIABLE = YES;
				IPHONEOS_DEPLOYMENT_TARGET = 15.0;
				MTL_ENABLE_DEBUG_INFO = INCLUDE_SOURCE;
				MTL_FAST_MATH = YES;
				ONLY_ACTIVE_ARCH = YES;
				SDKROOT = iphoneos;
				SWIFT_ACTIVE_COMPILATION_CONDITIONS = DEBUG;
				SWIFT_OPTIMIZATION_LEVEL = "-Onone";
			};
			name = Debug;
		};
		2265AA3227624440005FE4B7 /* Release */ = {
			isa = XCBuildConfiguration;
			buildSettings = {
				ALWAYS_SEARCH_USER_PATHS = NO;
				CLANG_ANALYZER_NONNULL = YES;
				CLANG_ANALYZER_NUMBER_OBJECT_CONVERSION = YES_AGGRESSIVE;
				CLANG_CXX_LANGUAGE_STANDARD = "gnu++17";
				CLANG_CXX_LIBRARY = "libc++";
				CLANG_ENABLE_MODULES = YES;
				CLANG_ENABLE_OBJC_ARC = YES;
				CLANG_ENABLE_OBJC_WEAK = YES;
				CLANG_WARN_BLOCK_CAPTURE_AUTORELEASING = YES;
				CLANG_WARN_BOOL_CONVERSION = YES;
				CLANG_WARN_COMMA = YES;
				CLANG_WARN_CONSTANT_CONVERSION = YES;
				CLANG_WARN_DEPRECATED_OBJC_IMPLEMENTATIONS = YES;
				CLANG_WARN_DIRECT_OBJC_ISA_USAGE = YES_ERROR;
				CLANG_WARN_DOCUMENTATION_COMMENTS = YES;
				CLANG_WARN_EMPTY_BODY = YES;
				CLANG_WARN_ENUM_CONVERSION = YES;
				CLANG_WARN_INFINITE_RECURSION = YES;
				CLANG_WARN_INT_CONVERSION = YES;
				CLANG_WARN_NON_LITERAL_NULL_CONVERSION = YES;
				CLANG_WARN_OBJC_IMPLICIT_RETAIN_SELF = YES;
				CLANG_WARN_OBJC_LITERAL_CONVERSION = YES;
				CLANG_WARN_OBJC_ROOT_CLASS = YES_ERROR;
				CLANG_WARN_QUOTED_INCLUDE_IN_FRAMEWORK_HEADER = YES;
				CLANG_WARN_RANGE_LOOP_ANALYSIS = YES;
				CLANG_WARN_STRICT_PROTOTYPES = YES;
				CLANG_WARN_SUSPICIOUS_MOVE = YES;
				CLANG_WARN_UNGUARDED_AVAILABILITY = YES_AGGRESSIVE;
				CLANG_WARN_UNREACHABLE_CODE = YES;
				CLANG_WARN__DUPLICATE_METHOD_MATCH = YES;
				COPY_PHASE_STRIP = NO;
				DEBUG_INFORMATION_FORMAT = "dwarf-with-dsym";
				ENABLE_NS_ASSERTIONS = NO;
				ENABLE_STRICT_OBJC_MSGSEND = YES;
				GCC_C_LANGUAGE_STANDARD = gnu11;
				GCC_NO_COMMON_BLOCKS = YES;
				GCC_WARN_64_TO_32_BIT_CONVERSION = YES;
				GCC_WARN_ABOUT_RETURN_TYPE = YES_ERROR;
				GCC_WARN_UNDECLARED_SELECTOR = YES;
				GCC_WARN_UNINITIALIZED_AUTOS = YES_AGGRESSIVE;
				GCC_WARN_UNUSED_FUNCTION = YES;
				GCC_WARN_UNUSED_VARIABLE = YES;
				IPHONEOS_DEPLOYMENT_TARGET = 15.0;
				MTL_ENABLE_DEBUG_INFO = NO;
				MTL_FAST_MATH = YES;
				SDKROOT = iphoneos;
				SWIFT_COMPILATION_MODE = wholemodule;
				SWIFT_OPTIMIZATION_LEVEL = "-O";
				VALIDATE_PRODUCT = YES;
			};
			name = Release;
		};
		2265AA3427624440005FE4B7 /* Debug */ = {
			isa = XCBuildConfiguration;
			baseConfigurationReference = 1476D104D0F48611FA42D66E /* Pods-Weather_App.debug.xcconfig */;
			buildSettings = {
				ASSETCATALOG_COMPILER_APPICON_NAME = AppIcon;
				ASSETCATALOG_COMPILER_GLOBAL_ACCENT_COLOR_NAME = AccentColor;
				CODE_SIGN_STYLE = Automatic;
				CURRENT_PROJECT_VERSION = 1;
				DEVELOPMENT_TEAM = 3F6UMHRD8V;
				GENERATE_INFOPLIST_FILE = YES;
				INFOPLIST_FILE = Weather_App/Info.plist;
				INFOPLIST_KEY_UIApplicationSupportsIndirectInputEvents = YES;
				INFOPLIST_KEY_UILaunchStoryboardName = LaunchScreen;
				INFOPLIST_KEY_UIMainStoryboardFile = Main;
				INFOPLIST_KEY_UISupportedInterfaceOrientations = UIInterfaceOrientationPortrait;
				INFOPLIST_KEY_UISupportedInterfaceOrientations_iPad = "UIInterfaceOrientationPortrait UIInterfaceOrientationPortraitUpsideDown UIInterfaceOrientationLandscapeLeft UIInterfaceOrientationLandscapeRight";
				INFOPLIST_KEY_UISupportedInterfaceOrientations_iPhone = "UIInterfaceOrientationPortrait UIInterfaceOrientationLandscapeLeft UIInterfaceOrientationLandscapeRight";
				IPHONEOS_DEPLOYMENT_TARGET = 15.0;
				LD_RUNPATH_SEARCH_PATHS = (
					"$(inherited)",
					"@executable_path/Frameworks",
				);
				MARKETING_VERSION = 1.0;
				PRODUCT_BUNDLE_IDENTIFIER = "Tuwaiq.Weather-App";
				PRODUCT_NAME = "$(TARGET_NAME)";
				SWIFT_EMIT_LOC_STRINGS = YES;
				SWIFT_VERSION = 5.0;
				TARGETED_DEVICE_FAMILY = 1;
			};
			name = Debug;
		};
		2265AA3527624440005FE4B7 /* Release */ = {
			isa = XCBuildConfiguration;
			baseConfigurationReference = 6670B0BFE11A2BB403DECA3D /* Pods-Weather_App.release.xcconfig */;
			buildSettings = {
				ASSETCATALOG_COMPILER_APPICON_NAME = AppIcon;
				ASSETCATALOG_COMPILER_GLOBAL_ACCENT_COLOR_NAME = AccentColor;
				CODE_SIGN_STYLE = Automatic;
				CURRENT_PROJECT_VERSION = 1;
				DEVELOPMENT_TEAM = 3F6UMHRD8V;
				GENERATE_INFOPLIST_FILE = YES;
				INFOPLIST_FILE = Weather_App/Info.plist;
				INFOPLIST_KEY_UIApplicationSupportsIndirectInputEvents = YES;
				INFOPLIST_KEY_UILaunchStoryboardName = LaunchScreen;
				INFOPLIST_KEY_UIMainStoryboardFile = Main;
				INFOPLIST_KEY_UISupportedInterfaceOrientations = UIInterfaceOrientationPortrait;
				INFOPLIST_KEY_UISupportedInterfaceOrientations_iPad = "UIInterfaceOrientationPortrait UIInterfaceOrientationPortraitUpsideDown UIInterfaceOrientationLandscapeLeft UIInterfaceOrientationLandscapeRight";
				INFOPLIST_KEY_UISupportedInterfaceOrientations_iPhone = "UIInterfaceOrientationPortrait UIInterfaceOrientationLandscapeLeft UIInterfaceOrientationLandscapeRight";
				IPHONEOS_DEPLOYMENT_TARGET = 15.0;
				LD_RUNPATH_SEARCH_PATHS = (
					"$(inherited)",
					"@executable_path/Frameworks",
				);
				MARKETING_VERSION = 1.0;
				PRODUCT_BUNDLE_IDENTIFIER = "Tuwaiq.Weather-App";
				PRODUCT_NAME = "$(TARGET_NAME)";
				SWIFT_EMIT_LOC_STRINGS = YES;
				SWIFT_VERSION = 5.0;
				TARGETED_DEVICE_FAMILY = 1;
			};
			name = Release;
		};
/* End XCBuildConfiguration section */

/* Begin XCConfigurationList section */
		2265AA172762443D005FE4B7 /* Build configuration list for PBXProject "Weather_App" */ = {
			isa = XCConfigurationList;
			buildConfigurations = (
				2265AA3127624440005FE4B7 /* Debug */,
				2265AA3227624440005FE4B7 /* Release */,
			);
			defaultConfigurationIsVisible = 0;
			defaultConfigurationName = Release;
		};
		2265AA3327624440005FE4B7 /* Build configuration list for PBXNativeTarget "Weather_App" */ = {
			isa = XCConfigurationList;
			buildConfigurations = (
				2265AA3427624440005FE4B7 /* Debug */,
				2265AA3527624440005FE4B7 /* Release */,
			);
			defaultConfigurationIsVisible = 0;
			defaultConfigurationName = Release;
		};
/* End XCConfigurationList section */

/* Begin XCVersionGroup section */
		2265AA282762443D005FE4B7 /* Weather_App.xcdatamodeld */ = {
			isa = XCVersionGroup;
			children = (
				2265AA292762443D005FE4B7 /* Weather_App.xcdatamodel */,
			);
			currentVersion = 2265AA292762443D005FE4B7 /* Weather_App.xcdatamodel */;
			path = Weather_App.xcdatamodeld;
			sourceTree = "<group>";
			versionGroupType = wrapper.xcdatamodel;
		};
/* End XCVersionGroup section */
	};
	rootObject = 2265AA142762443D005FE4B7 /* Project object */;
}
